{
  "name": "@rexscript/compiler",
  "version": "0.1.0-phase1",
  "lockfileVersion": 3,
  "requires": true,
  "packages": {
    "": {
      "name": "@rexscript/compiler",
      "version": "0.1.0-phase1",
      "dependencies": {
        "@rexscript/rosetta": "file:../packages/rosetta",
        "@rexscript/runtime": "file:../packages/runtime",
        "@rexscript/xrisk": "file:../packages/xrisk"
      }
    },
    "../packages/rosetta": {
      "name": "@rexscript/rosetta",
      "version": "0.1.0-stub"
    },
    "../packages/runtime": {
      "name": "@rexscript/runtime",
      "version": "0.1.0-stub"
    },
    "../packages/xrisk": {
      "name": "@rexscript/xrisk",
      "version": "0.1.0-stub"
    },
    "node_modules/@rexscript/rosetta": {
      "resolved": "../packages/rosetta",
      "link": true
    },
    "node_modules/@rexscript/runtime": {
      "resolved": "../packages/runtime",
      "link": true
    },
    "node_modules/@rexscript/xrisk": {
      "resolved": "../packages/xrisk",
      "link": true
    }
  }
}
